[[package]]
category = "dev"
description = "A small Python module for determining appropriate platform-specific dirs, e.g. a \"user data dir\"."
name = "appdirs"
optional = false
python-versions = "*"
version = "1.4.3"

[[package]]
category = "dev"
description = "Classes Without Boilerplate"
name = "attrs"
optional = false
python-versions = ">=2.7, !=3.0.*, !=3.1.*, !=3.2.*, !=3.3.*"
version = "19.1.0"

[[package]]
category = "dev"
description = "The uncompromising code formatter."
name = "black"
optional = false
python-versions = ">=3.6"
version = "18.9b0"

[package.dependencies]
appdirs = "*"
attrs = ">=17.4.0"
click = ">=6.5"
toml = ">=0.9.4"

[[package]]
category = "dev"
description = "Composable command line interface toolkit"
name = "click"
optional = false
python-versions = ">=2.7, !=3.0.*, !=3.1.*, !=3.2.*, !=3.3.*"
version = "7.0"

[[package]]
category = "dev"
description = "Pythonic argument parser, that will make you smile"
name = "docopt"
optional = false
python-versions = "*"
version = "0.6.2"

[[package]]
category = "dev"
description = "A simple function to test whether your git repo is clean"
name = "is-git-repo-clean"
optional = false
python-versions = ">=3.7,<4.0"
version = "0.3.6"

[[package]]
category = "dev"
description = "Modules to convert numbers to words. Easily extensible."
name = "num2words"
optional = false
python-versions = "*"
version = "0.5.10"

[package.dependencies]
docopt = ">=0.6.2"

[[package]]
category = "dev"
description = "Convert between different types of cases (unicode supported)"
name = "po-case-conversion"
optional = false
python-versions = ">=3.7,<4.0"
version = "0.4.0"

[[package]]
category = "dev"
description = "A pretty printer for SimpleNamespace"
name = "pretty-simple-namespace"
optional = false
python-versions = ">=3.7,<4.0"
version = "0.1.1"

[[package]]
category = "dev"
description = "A terminal string styling library"
name = "simple-chalk"
optional = false
python-versions = ">=3.6"
version = "0.1.0"

[[package]]
category = "dev"
description = "The process ran by simple_test to isolate the environment"
name = "simple-test-process"
optional = false
python-versions = ">=3.7,<4.0"
version = "0.5.0"

[[package]]
category = "dev"
description = "Python Library for Tom's Obvious, Minimal Language"
name = "toml"
optional = false
python-versions = "*"
version = "0.10.0"

[metadata]
content-hash = "39e77207fb8f6b2153e8c9772b2c2e042c6b1760f0bb0086084fc76577cc5e37"
python-versions = "^3.7"

[metadata.hashes]
appdirs = ["9e5896d1372858f8dd3344faf4e5014d21849c756c8d5701f78f8a103b372d92", "d8b24664561d0d34ddfaec54636d502d7cea6e29c3eaf68f3df6180863e2166e"]
attrs = ["69c0dbf2ed392de1cb5ec704444b08a5ef81680a61cb899dc08127123af36a79", "f0b870f674851ecbfbbbd364d6b5cbdff9dcedbc7f3f5e18a6891057f21fe399"]
black = ["817243426042db1d36617910df579a54f1afd659adb96fc5032fcf4b36209739", "e030a9a28f542debc08acceb273f228ac422798e5215ba2a791a6ddeaaca22a5"]
click = ["2335065e6395b9e67ca716de5f7526736bfa6ceead690adf616d925bdc622b13", "5b94b49521f6456670fdb30cd82a4eca9412788a93fa6dd6df72c94d5a8ff2d7"]
docopt = ["49b3a825280bd66b3aa83585ef59c4a8c82f2c8a522dbe754a8bc8d08c85c491"]
is-git-repo-clean = ["242a6246be18a034f5938d563ecfe0b05ca958cbb84debf6f5713d7931bb7971", "e7fee031f4d79ef5f159f44d26dc50100d26c1e563a098c80ace16a55808ecb6"]
num2words = ["0b6e5f53f11d3005787e206d9c03382f459ef048a43c544e3db3b1e05a961548", "37cd4f60678f7e1045cdc3adf6acf93c8b41bf732da860f97d301f04e611cc57"]
po-case-conversion = ["3081a4b05004558ba4d4e881a5333ad707243b72bcc21377772a96fd28b77827", "624e73247b42e0be0d726c3f45f672a2d7f0e7aad3ae8354a665fb3ded72bc9d"]
pretty-simple-namespace = ["17cb165fa3a3e55605c6f3204bf077d62fc53a7005afe2de3cb9c4ed6c2718a5", "7579dcb10091defe84d3702aa0680b8ccf4ee00f93e8b0bf85195a7b93aef4af"]
simple-chalk = ["d80f55993dfa040c1b55d2fbfb925e4fbb5798c2934601aa448ef4a192d84196"]
simple-test-process = ["315bbc44b0f520e5a55b4e66a46c9e6c843b971311248ea330fe82b7a2427909", "ffab3fd86f82b10e5d215893abd95e71aed9506d6b66a39a514065919d8554ab"]
toml = ["229f81c57791a41d65e399fc06bf0848bab550a9dfd5ed66df18ce5f05e73d5c", "235682dd292d5899d361a811df37e04a8828a5b1da3115886b73cf81ebc9100e", "f1db651f9657708513243e61e6cc67d101a39bad662eaa9b5546f789338e07a3"]
